// !$*UTF8*$!
{
	archiveVersion = 1;
	classes = {
	};
	objectVersion = 55;
	objects = {

/* Begin PBXBuildFile section */
		B976122F28065B9A00944076 /* arch.swift in Sources */ = {isa = PBXBuildFile; fileRef = B976122E28065B9A00944076 /* arch.swift */; };
		B976123128065BF800944076 /* env.swift in Sources */ = {isa = PBXBuildFile; fileRef = B976123028065BF800944076 /* env.swift */; };
		B976123328065C0D00944076 /* false.swift in Sources */ = {isa = PBXBuildFile; fileRef = B976123228065C0D00944076 /* false.swift */; };
		B976123528065C2200944076 /* hostname.swift in Sources */ = {isa = PBXBuildFile; fileRef = B976123428065C2200944076 /* hostname.swift */; };
		B976123728065C3800944076 /* printenv.swift in Sources */ = {isa = PBXBuildFile; fileRef = B976123628065C3800944076 /* printenv.swift */; };
		B976123928065C4D00944076 /* pwd.swift in Sources */ = {isa = PBXBuildFile; fileRef = B976123828065C4D00944076 /* pwd.swift */; };
		B976123B28065C5D00944076 /* sleep.swift in Sources */ = {isa = PBXBuildFile; fileRef = B976123A28065C5D00944076 /* sleep.swift */; };
		B976123D28065C7100944076 /* sync.swift in Sources */ = {isa = PBXBuildFile; fileRef = B976123C28065C7100944076 /* sync.swift */; };
		B976123F28065C8000944076 /* true.swift in Sources */ = {isa = PBXBuildFile; fileRef = B976123E28065C8000944076 /* true.swift */; };
		B976124128065C9700944076 /* whoami.swift in Sources */ = {isa = PBXBuildFile; fileRef = B976124028065C9700944076 /* whoami.swift */; };
		B976124328065CAF00944076 /* yes.swift in Sources */ = {isa = PBXBuildFile; fileRef = B976124228065CAF00944076 /* yes.swift */; };
		B99472832805BA040023219F /* main.swift in Sources */ = {isa = PBXBuildFile; fileRef = B99472822805BA040023219F /* main.swift */; };
		B9B9E64D280758D600B45C71 /* touch.swift in Sources */ = {isa = PBXBuildFile; fileRef = B9B9E64C280758D600B45C71 /* touch.swift */; };
		B9F03D832855F62700F4FDD7 /* utility.swift in Sources */ = {isa = PBXBuildFile; fileRef = B9F03D822855F62700F4FDD7 /* utility.swift */; };
/* End PBXBuildFile section */

/* Begin PBXCopyFilesBuildPhase section */
		B994727D2805BA040023219F /* CopyFiles */ = {
			isa = PBXCopyFilesBuildPhase;
			buildActionMask = 2147483647;
			dstPath = /usr/share/man/man1/;
			dstSubfolderSpec = 0;
			files = (
			);
			runOnlyForDeploymentPostprocessing = 1;
		};
/* End PBXCopyFilesBuildPhase section */

/* Begin PBXFileReference section */
		B976122E28065B9A00944076 /* arch.swift */ = {isa = PBXFileReference; lastKnownFileType = sourcecode.swift; path = arch.swift; sourceTree = "<group>"; };
		B976123028065BF800944076 /* env.swift */ = {isa = PBXFileReference; lastKnownFileType = sourcecode.swift; path = env.swift; sourceTree = "<group>"; };
		B976123228065C0D00944076 /* false.swift */ = {isa = PBXFileReference; lastKnownFileType = sourcecode.swift; path = false.swift; sourceTree = "<group>"; };
		B976123428065C2200944076 /* hostname.swift */ = {isa = PBXFileReference; lastKnownFileType = sourcecode.swift; path = hostname.swift; sourceTree = "<group>"; };
		B976123628065C3800944076 /* printenv.swift */ = {isa = PBXFileReference; lastKnownFileType = sourcecode.swift; path = printenv.swift; sourceTree = "<group>"; };
		B976123828065C4D00944076 /* pwd.swift */ = {isa = PBXFileReference; lastKnownFileType = sourcecode.swift; path = pwd.swift; sourceTree = "<group>"; };
		B976123A28065C5D00944076 /* sleep.swift */ = {isa = PBXFileReference; lastKnownFileType = sourcecode.swift; path = sleep.swift; sourceTree = "<group>"; };
		B976123C28065C7100944076 /* sync.swift */ = {isa = PBXFileReference; lastKnownFileType = sourcecode.swift; path = sync.swift; sourceTree = "<group>"; };
		B976123E28065C8000944076 /* true.swift */ = {isa = PBXFileReference; lastKnownFileType = sourcecode.swift; path = true.swift; sourceTree = "<group>"; };
		B976124028065C9700944076 /* whoami.swift */ = {isa = PBXFileReference; lastKnownFileType = sourcecode.swift; path = whoami.swift; sourceTree = "<group>"; };
		B976124228065CAF00944076 /* yes.swift */ = {isa = PBXFileReference; lastKnownFileType = sourcecode.swift; path = yes.swift; sourceTree = "<group>"; };
		B994727F2805BA040023219F /* lazybox */ = {isa = PBXFileReference; explicitFileType = "compiled.mach-o.executable"; includeInIndex = 0; path = lazybox; sourceTree = BUILT_PRODUCTS_DIR; };
		B99472822805BA040023219F /* main.swift */ = {isa = PBXFileReference; lastKnownFileType = sourcecode.swift; path = main.swift; sourceTree = "<group>"; };
		B9B9E64C280758D600B45C71 /* touch.swift */ = {isa = PBXFileReference; lastKnownFileType = sourcecode.swift; path = touch.swift; sourceTree = "<group>"; };
		B9F03D822855F62700F4FDD7 /* utility.swift */ = {isa = PBXFileReference; lastKnownFileType = sourcecode.swift; path = utility.swift; sourceTree = "<group>"; };
/* End PBXFileReference section */

/* Begin PBXFrameworksBuildPhase section */
		B994727C2805BA040023219F /* Frameworks */ = {
			isa = PBXFrameworksBuildPhase;
			buildActionMask = 2147483647;
			files = (
			);
			runOnlyForDeploymentPostprocessing = 0;
		};
/* End PBXFrameworksBuildPhase section */

/* Begin PBXGroup section */
		B99472762805BA040023219F = {
			isa = PBXGroup;
			children = (
				B99472812805BA040023219F /* lazybox */,
				B99472802805BA040023219F /* Products */,
			);
			sourceTree = "<group>";
		};
		B99472802805BA040023219F /* Products */ = {
			isa = PBXGroup;
			children = (
				B994727F2805BA040023219F /* lazybox */,
			);
			name = Products;
			sourceTree = "<group>";
		};
		B99472812805BA040023219F /* lazybox */ = {
			isa = PBXGroup;
			children = (
				B99472822805BA040023219F /* main.swift */,
				B9F03D822855F62700F4FDD7 /* utility.swift */,
				B9B9E64C280758D600B45C71 /* touch.swift */,
				B976124228065CAF00944076 /* yes.swift */,
				B976124028065C9700944076 /* whoami.swift */,
				B976123E28065C8000944076 /* true.swift */,
				B976123C28065C7100944076 /* sync.swift */,
				B976123A28065C5D00944076 /* sleep.swift */,
				B976123828065C4D00944076 /* pwd.swift */,
				B976123628065C3800944076 /* printenv.swift */,
				B976123428065C2200944076 /* hostname.swift */,
				B976123228065C0D00944076 /* false.swift */,
				B976123028065BF800944076 /* env.swift */,
				B976122E28065B9A00944076 /* arch.swift */,
			);
			path = lazybox;
			sourceTree = "<group>";
		};
/* End PBXGroup section */

/* Begin PBXNativeTarget section */
		B994727E2805BA040023219F /* lazybox */ = {
			isa = PBXNativeTarget;
			buildConfigurationList = B99472862805BA040023219F /* Build configuration list for PBXNativeTarget "lazybox" */;
			buildPhases = (
				B994727B2805BA040023219F /* Sources */,
				B994727C2805BA040023219F /* Frameworks */,
				B994727D2805BA040023219F /* CopyFiles */,
			);
			buildRules = (
			);
			dependencies = (
			);
			name = lazybox;
			packageProductDependencies = (
			);
			productName = coreutils;
			productReference = B994727F2805BA040023219F /* lazybox */;
			productType = "com.apple.product-type.tool";
		};
/* End PBXNativeTarget section */

/* Begin PBXProject section */
		B99472772805BA040023219F /* Project object */ = {
			isa = PBXProject;
			attributes = {
				BuildIndependentTargetsInParallel = 1;
				LastSwiftUpdateCheck = 1330;
				LastUpgradeCheck = 1340;
				TargetAttributes = {
					B994727E2805BA040023219F = {
						CreatedOnToolsVersion = 13.3.1;
					};
				};
			};
			buildConfigurationList = B994727A2805BA040023219F /* Build configuration list for PBXProject "lazybox" */;
			compatibilityVersion = "Xcode 13.0";
			developmentRegion = en;
			hasScannedForEncodings = 0;
			knownRegions = (
				en,
				Base,
			);
			mainGroup = B99472762805BA040023219F;
			packageReferences = (
				B9F03D842855F82500F4FDD7 /* XCRemoteSwiftPackageReference "swift-argument-parser" */,
			);
			productRefGroup = B99472802805BA040023219F /* Products */;
			projectDirPath = "";
			projectRoot = "";
			targets = (
				B994727E2805BA040023219F /* lazybox */,
			);
		};
/* End PBXProject section */

/* Begin PBXSourcesBuildPhase section */
		B994727B2805BA040023219F /* Sources */ = {
			isa = PBXSourcesBuildPhase;
			buildActionMask = 2147483647;
			files = (
				B976123528065C2200944076 /* hostname.swift in Sources */,
				B976123928065C4D00944076 /* pwd.swift in Sources */,
				B976123728065C3800944076 /* printenv.swift in Sources */,
				B99472832805BA040023219F /* main.swift in Sources */,
				B976123D28065C7100944076 /* sync.swift in Sources */,
				B976123F28065C8000944076 /* true.swift in Sources */,
				B9F03D832855F62700F4FDD7 /* utility.swift in Sources */,
				B976123328065C0D00944076 /* false.swift in Sources */,
				B976122F28065B9A00944076 /* arch.swift in Sources */,
				B9B9E64D280758D600B45C71 /* touch.swift in Sources */,
				B976123128065BF800944076 /* env.swift in Sources */,
				B976124328065CAF00944076 /* yes.swift in Sources */,
				B976124128065C9700944076 /* whoami.swift in Sources */,
				B976123B28065C5D00944076 /* sleep.swift in Sources */,
			);
			runOnlyForDeploymentPostprocessing = 0;
		};
/* End PBXSourcesBuildPhase section */

/* Begin XCBuildConfiguration section */
		B99472842805BA040023219F /* Debug */ = {
			isa = XCBuildConfiguration;
			buildSettings = {
				ALWAYS_SEARCH_USER_PATHS = NO;
				CLANG_ANALYZER_NONNULL = YES;
				CLANG_ANALYZER_NUMBER_OBJECT_CONVERSION = YES_AGGRESSIVE;
				CLANG_CXX_LANGUAGE_STANDARD = "gnu++17";
				CLANG_ENABLE_MODULES = YES;
				CLANG_ENABLE_OBJC_ARC = YES;
				CLANG_ENABLE_OBJC_WEAK = YES;
				CLANG_WARN_BLOCK_CAPTURE_AUTORELEASING = YES;
				CLANG_WARN_BOOL_CONVERSION = YES;
				CLANG_WARN_COMMA = YES;
				CLANG_WARN_CONSTANT_CONVERSION = YES;
				CLANG_WARN_DEPRECATED_OBJC_IMPLEMENTATIONS = YES;
				CLANG_WARN_DIRECT_OBJC_ISA_USAGE = YES_ERROR;
				CLANG_WARN_DOCUMENTATION_COMMENTS = YES;
				CLANG_WARN_EMPTY_BODY = YES;
				CLANG_WARN_ENUM_CONVERSION = YES;
				CLANG_WARN_INFINITE_RECURSION = YES;
				CLANG_WARN_INT_CONVERSION = YES;
				CLANG_WARN_NON_LITERAL_NULL_CONVERSION = YES;
				CLANG_WARN_OBJC_IMPLICIT_RETAIN_SELF = YES;
				CLANG_WARN_OBJC_LITERAL_CONVERSION = YES;
				CLANG_WARN_OBJC_ROOT_CLASS = YES_ERROR;
				CLANG_WARN_QUOTED_INCLUDE_IN_FRAMEWORK_HEADER = YES;
				CLANG_WARN_RANGE_LOOP_ANALYSIS = YES;
				CLANG_WARN_STRICT_PROTOTYPES = YES;
				CLANG_WARN_SUSPICIOUS_MOVE = YES;
				CLANG_WARN_UNGUARDED_AVAILABILITY = YES_AGGRESSIVE;
				CLANG_WARN_UNREACHABLE_CODE = YES;
				CLANG_WARN__DUPLICATE_METHOD_MATCH = YES;
				COPY_PHASE_STRIP = NO;
				DEBUG_INFORMATION_FORMAT = dwarf;
				ENABLE_STRICT_OBJC_MSGSEND = YES;
				ENABLE_TESTABILITY = YES;
				GCC_C_LANGUAGE_STANDARD = gnu11;
				GCC_DYNAMIC_NO_PIC = NO;
				GCC_NO_COMMON_BLOCKS = YES;
				GCC_OPTIMIZATION_LEVEL = 0;
				GCC_PREPROCESSOR_DEFINITIONS = (
					"DEBUG=1",
					"$(inherited)",
				);
				GCC_WARN_64_TO_32_BIT_CONVERSION = YES;
				GCC_WARN_ABOUT_RETURN_TYPE = YES_ERROR;
				GCC_WARN_UNDECLARED_SELECTOR = YES;
				GCC_WARN_UNINITIALIZED_AUTOS = YES_AGGRESSIVE;
				GCC_WARN_UNUSED_FUNCTION = YES;
				GCC_WARN_UNUSED_VARIABLE = YES;
				MACOSX_DEPLOYMENT_TARGET = 12.3;
				MTL_ENABLE_DEBUG_INFO = INCLUDE_SOURCE;
				MTL_FAST_MATH = YES;
				ONLY_ACTIVE_ARCH = YES;
				SDKROOT = macosx;
				SWIFT_ACTIVE_COMPILATION_CONDITIONS = DEBUG;
				SWIFT_OPTIMIZATION_LEVEL = "-Onone";
			};
			name = Debug;
		};
		B99472852805BA040023219F /* Release */ = {
			isa = XCBuildConfiguration;
			buildSettings = {
				ALWAYS_SEARCH_USER_PATHS = NO;
				CLANG_ANALYZER_NONNULL = YES;
				CLANG_ANALYZER_NUMBER_OBJECT_CONVERSION = YES_AGGRESSIVE;
				CLANG_CXX_LANGUAGE_STANDARD = "gnu++17";
				CLANG_ENABLE_MODULES = YES;
				CLANG_ENABLE_OBJC_ARC = YES;
				CLANG_ENABLE_OBJC_WEAK = YES;
				CLANG_WARN_BLOCK_CAPTURE_AUTORELEASING = YES;
				CLANG_WARN_BOOL_CONVERSION = YES;
				CLANG_WARN_COMMA = YES;
				CLANG_WARN_CONSTANT_CONVERSION = YES;
				CLANG_WARN_DEPRECATED_OBJC_IMPLEMENTATIONS = YES;
				CLANG_WARN_DIRECT_OBJC_ISA_USAGE = YES_ERROR;
				CLANG_WARN_DOCUMENTATION_COMMENTS = YES;
				CLANG_WARN_EMPTY_BODY = YES;
				CLANG_WARN_ENUM_CONVERSION = YES;
				CLANG_WARN_INFINITE_RECURSION = YES;
				CLANG_WARN_INT_CONVERSION = YES;
				CLANG_WARN_NON_LITERAL_NULL_CONVERSION = YES;
				CLANG_WARN_OBJC_IMPLICIT_RETAIN_SELF = YES;
				CLANG_WARN_OBJC_LITERAL_CONVERSION = YES;
				CLANG_WARN_OBJC_ROOT_CLASS = YES_ERROR;
				CLANG_WARN_QUOTED_INCLUDE_IN_FRAMEWORK_HEADER = YES;
				CLANG_WARN_RANGE_LOOP_ANALYSIS = YES;
				CLANG_WARN_STRICT_PROTOTYPES = YES;
				CLANG_WARN_SUSPICIOUS_MOVE = YES;
				CLANG_WARN_UNGUARDED_AVAILABILITY = YES_AGGRESSIVE;
				CLANG_WARN_UNREACHABLE_CODE = YES;
				CLANG_WARN__DUPLICATE_METHOD_MATCH = YES;
				COPY_PHASE_STRIP = NO;
				DEBUG_INFORMATION_FORMAT = "dwarf-with-dsym";
				ENABLE_NS_ASSERTIONS = NO;
				ENABLE_STRICT_OBJC_MSGSEND = YES;
				GCC_C_LANGUAGE_STANDARD = gnu11;
				GCC_NO_COMMON_BLOCKS = YES;
				GCC_WARN_64_TO_32_BIT_CONVERSION = YES;
				GCC_WARN_ABOUT_RETURN_TYPE = YES_ERROR;
				GCC_WARN_UNDECLARED_SELECTOR = YES;
				GCC_WARN_UNINITIALIZED_AUTOS = YES_AGGRESSIVE;
				GCC_WARN_UNUSED_FUNCTION = YES;
				GCC_WARN_UNUSED_VARIABLE = YES;
				MACOSX_DEPLOYMENT_TARGET = 12.3;
				MTL_ENABLE_DEBUG_INFO = NO;
				MTL_FAST_MATH = YES;
				SDKROOT = macosx;
				SWIFT_COMPILATION_MODE = wholemodule;
				SWIFT_OPTIMIZATION_LEVEL = "-O";
			};
			name = Release;
		};
		B99472872805BA040023219F /* Debug */ = {
			isa = XCBuildConfiguration;
			buildSettings = {
				CODE_SIGN_IDENTITY = "-";
				CODE_SIGN_STYLE = Automatic;
				DEVELOPMENT_TEAM = BXP6B4JX57;
				ENABLE_HARDENED_RUNTIME = YES;
				PRODUCT_NAME = "$(TARGET_NAME)";
				SWIFT_VERSION = 5.0;
			};
			name = Debug;
		};
		B99472882805BA040023219F /* Release */ = {
			isa = XCBuildConfiguration;
			buildSettings = {
				CODE_SIGN_IDENTITY = "-";
				CODE_SIGN_STYLE = Automatic;
				DEVELOPMENT_TEAM = BXP6B4JX57;
				ENABLE_HARDENED_RUNTIME = YES;
				PRODUCT_NAME = "$(TARGET_NAME)";
				SWIFT_VERSION = 5.0;
			};
			name = Release;
		};
/* End XCBuildConfiguration section */

/* Begin XCConfigurationList section */
		B994727A2805BA040023219F /* Build configuration list for PBXProject "lazybox" */ = {
			isa = XCConfigurationList;
			buildConfigurations = (
				B99472842805BA040023219F /* Debug */,
				B99472852805BA040023219F /* Release */,
			);
			defaultConfigurationIsVisible = 0;
			defaultConfigurationName = Release;
		};
		B99472862805BA040023219F /* Build configuration list for PBXNativeTarget "lazybox" */ = {
			isa = XCConfigurationList;
			buildConfigurations = (
				B99472872805BA040023219F /* Debug */,
				B99472882805BA040023219F /* Release */,
			);
			defaultConfigurationIsVisible = 0;
			defaultConfigurationName = Release;
		};
/* End XCConfigurationList section */

/* Begin XCRemoteSwiftPackageReference section */
		B9F03D842855F82500F4FDD7 /* XCRemoteSwiftPackageReference "swift-argument-parser" */ = {
			isa = XCRemoteSwiftPackageReference;
			repositoryURL = "https://github.com/apple/swift-argument-parser.git";
			requirement = {
				kind = upToNextMajorVersion;
				minimumVersion = 1.0.0;
			};
		};
/* End XCRemoteSwiftPackageReference section */
	};
	rootObject = B99472772805BA040023219F /* Project object */;
}
